
Microsoft Visual Studio Solution File, Format Version 12.00
# Visual Studio 15
VisualStudioVersion = 15.0.27428.2015
MinimumVisualStudioVersion = 10.0.40219.1
Project("{FAE04EC0-301F-11D3-BF4B-00C04F79EFBC}") = "CS180619754", "CS180619754\CS180619754.csproj", "{40917E1A-2D36-42E3-8A77-E6AA886DAA69}"
EndProject
Global
	GlobalSection(SolutionConfigurationPlatforms) = preSolution
		Debug|Any CPU = Debug|Any CPU
		Release|Any CPU = Release|Any CPU
	EndGlobalSection
	GlobalSection(ProjectConfigurationPlatforms) = postSolution
		{40917E1A-2D36-42E3-8A77-E6AA886DAA69}.Debug|Any CPU.ActiveCfg = Debug|Any CPU
		{40917E1A-2D36-42E3-8A77-E6AA886DAA69}.Debug|Any CPU.Build.0 = Debug|Any CPU
		{40917E1A-2D36-42E3-8A77-E6AA886DAA69}.Release|Any CPU.ActiveCfg = Release|Any CPU
		{40917E1A-2D36-42E3-8A77-E6AA886DAA69}.Release|Any CPU.Build.0 = Release|Any CPU
	EndGlobalSection
	GlobalSection(SolutionProperties) = preSolution
		HideSolutionNode = FALSE
	EndGlobalSection
	GlobalSection(ExtensibilityGlobals) = postSolution
		SolutionGuid = {1D6E2933-107A-49F9-AD9C-9B09104B1186}
	EndGlobalSection
EndGlobal
